// !$*UTF8*$!
{
	archiveVersion = 1;
	classes = {
	};
	objectVersion = 46;
	objects = {

/* Begin PBXBuildFile section */
		0DF1117819F6AC6E00C9D9CA /* main.m in Sources */ = {isa = PBXBuildFile; fileRef = 0DF1117719F6AC6E00C9D9CA /* main.m */; };
		0DF1117B19F6AC6E00C9D9CA /* AppDelegate.m in Sources */ = {isa = PBXBuildFile; fileRef = 0DF1117A19F6AC6E00C9D9CA /* AppDelegate.m */; };
		0DF1117E19F6AC6E00C9D9CA /* ViewController.m in Sources */ = {isa = PBXBuildFile; fileRef = 0DF1117D19F6AC6E00C9D9CA /* ViewController.m */; };
		0DF1118119F6AC6E00C9D9CA /* Main.storyboard in Resources */ = {isa = PBXBuildFile; fileRef = 0DF1117F19F6AC6E00C9D9CA /* Main.storyboard */; };
		0DF1118319F6AC6E00C9D9CA /* Images.xcassets in Resources */ = {isa = PBXBuildFile; fileRef = 0DF1118219F6AC6E00C9D9CA /* Images.xcassets */; };
		0DF1118619F6AC6E00C9D9CA /* LaunchScreen.xib in Resources */ = {isa = PBXBuildFile; fileRef = 0DF1118419F6AC6E00C9D9CA /* LaunchScreen.xib */; };
		0DF1119219F6AC6F00C9D9CA /* LocalMapTests.m in Sources */ = {isa = PBXBuildFile; fileRef = 0DF1119119F6AC6F00C9D9CA /* LocalMapTests.m */; };
		0DF111AA19F6AE2900C9D9CA /* Util.m in Sources */ = {isa = PBXBuildFile; fileRef = 0DF111A919F6AE2900C9D9CA /* Util.m */; };
/* End PBXBuildFile section */

/* Begin PBXContainerItemProxy section */
		0DF1118C19F6AC6F00C9D9CA /* PBXContainerItemProxy */ = {
			isa = PBXContainerItemProxy;
			containerPortal = 0DF1116A19F6AC6E00C9D9CA /* Project object */;
			proxyType = 1;
			remoteGlobalIDString = 0DF1117119F6AC6E00C9D9CA;
			remoteInfo = LocalMap;
		};
/* End PBXContainerItemProxy section */

/* Begin PBXFileReference section */
		0DF1117219F6AC6E00C9D9CA /* LocalMap.app */ = {isa = PBXFileReference; explicitFileType = wrapper.application; includeInIndex = 0; path = LocalMap.app; sourceTree = BUILT_PRODUCTS_DIR; };
		0DF1117619F6AC6E00C9D9CA /* Info.plist */ = {isa = PBXFileReference; lastKnownFileType = text.plist.xml; path = Info.plist; sourceTree = "<group>"; };
		0DF1117719F6AC6E00C9D9CA /* main.m */ = {isa = PBXFileReference; lastKnownFileType = sourcecode.c.objc; path = main.m; sourceTree = "<group>"; };
		0DF1117919F6AC6E00C9D9CA /* AppDelegate.h */ = {isa = PBXFileReference; lastKnownFileType = sourcecode.c.h; path = AppDelegate.h; sourceTree = "<group>"; };
		0DF1117A19F6AC6E00C9D9CA /* AppDelegate.m */ = {isa = PBXFileReference; lastKnownFileType = sourcecode.c.objc; path = AppDelegate.m; sourceTree = "<group>"; };
		0DF1117C19F6AC6E00C9D9CA /* ViewController.h */ = {isa = PBXFileReference; lastKnownFileType = sourcecode.c.h; path = ViewController.h; sourceTree = "<group>"; };
		0DF1117D19F6AC6E00C9D9CA /* ViewController.m */ = {isa = PBXFileReference; lastKnownFileType = sourcecode.c.objc; path = ViewController.m; sourceTree = "<group>"; };
		0DF1118019F6AC6E00C9D9CA /* Base */ = {isa = PBXFileReference; lastKnownFileType = file.storyboard; name = Base; path = Base.lproj/Main.storyboard; sourceTree = "<group>"; };
		0DF1118219F6AC6E00C9D9CA /* Images.xcassets */ = {isa = PBXFileReference; lastKnownFileType = folder.assetcatalog; path = Images.xcassets; sourceTree = "<group>"; };
		0DF1118519F6AC6E00C9D9CA /* Base */ = {isa = PBXFileReference; lastKnownFileType = file.xib; name = Base; path = Base.lproj/LaunchScreen.xib; sourceTree = "<group>"; };
		0DF1118B19F6AC6F00C9D9CA /* LocalMapTests.xctest */ = {isa = PBXFileReference; explicitFileType = wrapper.cfbundle; includeInIndex = 0; path = LocalMapTests.xctest; sourceTree = BUILT_PRODUCTS_DIR; };
		0DF1119019F6AC6F00C9D9CA /* Info.plist */ = {isa = PBXFileReference; lastKnownFileType = text.plist.xml; path = Info.plist; sourceTree = "<group>"; };
		0DF1119119F6AC6F00C9D9CA /* LocalMapTests.m */ = {isa = PBXFileReference; lastKnownFileType = sourcecode.c.objc; path = LocalMapTests.m; sourceTree = "<group>"; };
		0DF111A819F6AE2900C9D9CA /* Util.h */ = {isa = PBXFileReference; fileEncoding = 4; lastKnownFileType = sourcecode.c.h; name = Util.h; path = object/Util.h; sourceTree = "<group>"; };
		0DF111A919F6AE2900C9D9CA /* Util.m */ = {isa = PBXFileReference; fileEncoding = 4; lastKnownFileType = sourcecode.c.objc; name = Util.m; path = object/Util.m; sourceTree = "<group>"; };
/* End PBXFileReference section */

/* Begin PBXFrameworksBuildPhase section */
		0DF1116F19F6AC6E00C9D9CA /* Frameworks */ = {
			isa = PBXFrameworksBuildPhase;
			buildActionMask = 2147483647;
			files = (
			);
			runOnlyForDeploymentPostprocessing = 0;
		};
		0DF1118819F6AC6F00C9D9CA /* Frameworks */ = {
			isa = PBXFrameworksBuildPhase;
			buildActionMask = 2147483647;
			files = (
			);
			runOnlyForDeploymentPostprocessing = 0;
		};
/* End PBXFrameworksBuildPhase section */

/* Begin PBXGroup section */
		0DF1116919F6AC6E00C9D9CA = {
			isa = PBXGroup;
			children = (
				0DF111A719F6AE0600C9D9CA /* object */,
				0DF1117419F6AC6E00C9D9CA /* LocalMap */,
				0DF1118E19F6AC6F00C9D9CA /* LocalMapTests */,
				0DF1117319F6AC6E00C9D9CA /* Products */,
			);
			sourceTree = "<group>";
		};
		0DF1117319F6AC6E00C9D9CA /* Products */ = {
			isa = PBXGroup;
			children = (
				0DF1117219F6AC6E00C9D9CA /* LocalMap.app */,
				0DF1118B19F6AC6F00C9D9CA /* LocalMapTests.xctest */,
			);
			name = Products;
			sourceTree = "<group>";
		};
		0DF1117419F6AC6E00C9D9CA /* LocalMap */ = {
			isa = PBXGroup;
			children = (
				0DF1117919F6AC6E00C9D9CA /* AppDelegate.h */,
				0DF1117A19F6AC6E00C9D9CA /* AppDelegate.m */,
				0DF1117C19F6AC6E00C9D9CA /* ViewController.h */,
				0DF1117D19F6AC6E00C9D9CA /* ViewController.m */,
				0DF1117F19F6AC6E00C9D9CA /* Main.storyboard */,
				0DF1118219F6AC6E00C9D9CA /* Images.xcassets */,
				0DF1118419F6AC6E00C9D9CA /* LaunchScreen.xib */,
				0DF1117519F6AC6E00C9D9CA /* Supporting Files */,
			);
			path = LocalMap;
			sourceTree = "<group>";
		};
		0DF1117519F6AC6E00C9D9CA /* Supporting Files */ = {
			isa = PBXGroup;
			children = (
				0DF1117619F6AC6E00C9D9CA /* Info.plist */,
				0DF1117719F6AC6E00C9D9CA /* main.m */,
			);
			name = "Supporting Files";
			sourceTree = "<group>";
		};
		0DF1118E19F6AC6F00C9D9CA /* LocalMapTests */ = {
			isa = PBXGroup;
			children = (
				0DF1119119F6AC6F00C9D9CA /* LocalMapTests.m */,
				0DF1118F19F6AC6F00C9D9CA /* Supporting Files */,
			);
			path = LocalMapTests;
			sourceTree = "<group>";
		};
		0DF1118F19F6AC6F00C9D9CA /* Supporting Files */ = {
			isa = PBXGroup;
			children = (
				0DF1119019F6AC6F00C9D9CA /* Info.plist */,
			);
			name = "Supporting Files";
			sourceTree = "<group>";
		};
		0DF111A719F6AE0600C9D9CA /* object */ = {
			isa = PBXGroup;
			children = (
				0DF111A819F6AE2900C9D9CA /* Util.h */,
				0DF111A919F6AE2900C9D9CA /* Util.m */,
			);
			name = object;
			sourceTree = "<group>";
		};
/* End PBXGroup section */

/* Begin PBXNativeTarget section */
		0DF1117119F6AC6E00C9D9CA /* LocalMap */ = {
			isa = PBXNativeTarget;
			buildConfigurationList = 0DF1119519F6AC6F00C9D9CA /* Build configuration list for PBXNativeTarget "LocalMap" */;
			buildPhases = (
				0DF1116E19F6AC6E00C9D9CA /* Sources */,
				0DF1116F19F6AC6E00C9D9CA /* Frameworks */,
				0DF1117019F6AC6E00C9D9CA /* Resources */,
			);
			buildRules = (
			);
			dependencies = (
			);
			name = LocalMap;
			productName = LocalMap;
			productReference = 0DF1117219F6AC6E00C9D9CA /* LocalMap.app */;
			productType = "com.apple.product-type.application";
		};
		0DF1118A19F6AC6F00C9D9CA /* LocalMapTests */ = {
			isa = PBXNativeTarget;
			buildConfigurationList = 0DF1119819F6AC6F00C9D9CA /* Build configuration list for PBXNativeTarget "LocalMapTests" */;
			buildPhases = (
				0DF1118719F6AC6F00C9D9CA /* Sources */,
				0DF1118819F6AC6F00C9D9CA /* Frameworks */,
				0DF1118919F6AC6F00C9D9CA /* Resources */,
			);
			buildRules = (
			);
			dependencies = (
				0DF1118D19F6AC6F00C9D9CA /* PBXTargetDependency */,
			);
			name = LocalMapTests;
			productName = LocalMapTests;
			productReference = 0DF1118B19F6AC6F00C9D9CA /* LocalMapTests.xctest */;
			productType = "com.apple.product-type.bundle.unit-test";
		};
/* End PBXNativeTarget section */

/* Begin PBXProject section */
		0DF1116A19F6AC6E00C9D9CA /* Project object */ = {
			isa = PBXProject;
			attributes = {
				LastUpgradeCheck = 0600;
				ORGANIZATIONNAME = "郭远强";
				TargetAttributes = {
					0DF1117119F6AC6E00C9D9CA = {
						CreatedOnToolsVersion = 6.0.1;
					};
					0DF1118A19F6AC6F00C9D9CA = {
						CreatedOnToolsVersion = 6.0.1;
						TestTargetID = 0DF1117119F6AC6E00C9D9CA;
					};
				};
			};
			buildConfigurationList = 0DF1116D19F6AC6E00C9D9CA /* Build configuration list for PBXProject "LocalMap" */;
			compatibilityVersion = "Xcode 3.2";
			developmentRegion = English;
			hasScannedForEncodings = 0;
			knownRegions = (
				en,
				Base,
			);
			mainGroup = 0DF1116919F6AC6E00C9D9CA;
			productRefGroup = 0DF1117319F6AC6E00C9D9CA /* Products */;
			projectDirPath = "";
			projectRoot = "";
			targets = (
				0DF1117119F6AC6E00C9D9CA /* LocalMap */,
				0DF1118A19F6AC6F00C9D9CA /* LocalMapTests */,
			);
		};
/* End PBXProject section */

/* Begin PBXResourcesBuildPhase section */
		0DF1117019F6AC6E00C9D9CA /* Resources */ = {
			isa = PBXResourcesBuildPhase;
			buildActionMask = 2147483647;
			files = (
				0DF1118119F6AC6E00C9D9CA /* Main.storyboard in Resources */,
				0DF1118619F6AC6E00C9D9CA /* LaunchScreen.xib in Resources */,
				0DF1118319F6AC6E00C9D9CA /* Images.xcassets in Resources */,
			);
			runOnlyForDeploymentPostprocessing = 0;
		};
		0DF1118919F6AC6F00C9D9CA /* Resources */ = {
			isa = PBXResourcesBuildPhase;
			buildActionMask = 2147483647;
			files = (
			);
			runOnlyForDeploymentPostprocessing = 0;
		};
/* End PBXResourcesBuildPhase section */

/* Begin PBXSourcesBuildPhase section */
		0DF1116E19F6AC6E00C9D9CA /* Sources */ = {
			isa = PBXSourcesBuildPhase;
			buildActionMask = 2147483647;
			files = (
				0DF1117E19F6AC6E00C9D9CA /* ViewController.m in Sources */,
				0DF1117B19F6AC6E00C9D9CA /* AppDelegate.m in Sources */,
				0DF1117819F6AC6E00C9D9CA /* main.m in Sources */,
				0DF111AA19F6AE2900C9D9CA /* Util.m in Sources */,
			);
			runOnlyForDeploymentPostprocessing = 0;
		};
		0DF1118719F6AC6F00C9D9CA /* Sources */ = {
			isa = PBXSourcesBuildPhase;
			buildActionMask = 2147483647;
			files = (
				0DF1119219F6AC6F00C9D9CA /* LocalMapTests.m in Sources */,
			);
			runOnlyForDeploymentPostprocessing = 0;
		};
/* End PBXSourcesBuildPhase section */

/* Begin PBXTargetDependency section */
		0DF1118D19F6AC6F00C9D9CA /* PBXTargetDependency */ = {
			isa = PBXTargetDependency;
			target = 0DF1117119F6AC6E00C9D9CA /* LocalMap */;
			targetProxy = 0DF1118C19F6AC6F00C9D9CA /* PBXContainerItemProxy */;
		};
/* End PBXTargetDependency section */

/* Begin PBXVariantGroup section */
		0DF1117F19F6AC6E00C9D9CA /* Main.storyboard */ = {
			isa = PBXVariantGroup;
			children = (
				0DF1118019F6AC6E00C9D9CA /* Base */,
			);
			name = Main.storyboard;
			sourceTree = "<group>";
		};
		0DF1118419F6AC6E00C9D9CA /* LaunchScreen.xib */ = {
			isa = PBXVariantGroup;
			children = (
				0DF1118519F6AC6E00C9D9CA /* Base */,
			);
			name = LaunchScreen.xib;
			sourceTree = "<group>";
		};
/* End PBXVariantGroup section */

/* Begin XCBuildConfiguration section */
		0DF1119319F6AC6F00C9D9CA /* Debug */ = {
			isa = XCBuildConfiguration;
			buildSettings = {
				ALWAYS_SEARCH_USER_PATHS = NO;
				CLANG_CXX_LANGUAGE_STANDARD = "gnu++0x";
				CLANG_CXX_LIBRARY = "libc++";
				CLANG_ENABLE_MODULES = YES;
				CLANG_ENABLE_OBJC_ARC = YES;
				CLANG_WARN_BOOL_CONVERSION = YES;
				CLANG_WARN_CONSTANT_CONVERSION = YES;
				CLANG_WARN_DIRECT_OBJC_ISA_USAGE = YES_ERROR;
				CLANG_WARN_EMPTY_BODY = YES;
				CLANG_WARN_ENUM_CONVERSION = YES;
				CLANG_WARN_INT_CONVERSION = YES;
				CLANG_WARN_OBJC_ROOT_CLASS = YES_ERROR;
				CLANG_WARN_UNREACHABLE_CODE = YES;
				CLANG_WARN__DUPLICATE_METHOD_MATCH = YES;
				"CODE_SIGN_IDENTITY[sdk=iphoneos*]" = "iPhone Developer";
				COPY_PHASE_STRIP = NO;
				ENABLE_STRICT_OBJC_MSGSEND = YES;
				GCC_C_LANGUAGE_STANDARD = gnu99;
				GCC_DYNAMIC_NO_PIC = NO;
				GCC_OPTIMIZATION_LEVEL = 0;
				GCC_PREPROCESSOR_DEFINITIONS = (
					"DEBUG=1",
					"$(inherited)",
				);
				GCC_SYMBOLS_PRIVATE_EXTERN = NO;
				GCC_WARN_64_TO_32_BIT_CONVERSION = YES;
				GCC_WARN_ABOUT_RETURN_TYPE = YES_ERROR;
				GCC_WARN_UNDECLARED_SELECTOR = YES;
				GCC_WARN_UNINITIALIZED_AUTOS = YES_AGGRESSIVE;
				GCC_WARN_UNUSED_FUNCTION = YES;
				GCC_WARN_UNUSED_VARIABLE = YES;
				IPHONEOS_DEPLOYMENT_TARGET = 8.0;
				MTL_ENABLE_DEBUG_INFO = YES;
				ONLY_ACTIVE_ARCH = YES;
				SDKROOT = iphoneos;
			};
			name = Debug;
		};
		0DF1119419F6AC6F00C9D9CA /* Release */ = {
			isa = XCBuildConfiguration;
			buildSettings = {
				ALWAYS_SEARCH_USER_PATHS = NO;
				CLANG_CXX_LANGUAGE_STANDARD = "gnu++0x";
				CLANG_CXX_LIBRARY = "libc++";
				CLANG_ENABLE_MODULES = YES;
				CLANG_ENABLE_OBJC_ARC = YES;
				CLANG_WARN_BOOL_CONVERSION = YES;
				CLANG_WARN_CONSTANT_CONVERSION = YES;
				CLANG_WARN_DIRECT_OBJC_ISA_USAGE = YES_ERROR;
				CLANG_WARN_EMPTY_BODY = YES;
				CLANG_WARN_ENUM_CONVERSION = YES;
				CLANG_WARN_INT_CONVERSION = YES;
				CLANG_WARN_OBJC_ROOT_CLASS = YES_ERROR;
				CLANG_WARN_UNREACHABLE_CODE = YES;
				CLANG_WARN__DUPLICATE_METHOD_MATCH = YES;
				"CODE_SIGN_IDENTITY[sdk=iphoneos*]" = "iPhone Developer";
				COPY_PHASE_STRIP = YES;
				ENABLE_NS_ASSERTIONS = NO;
				ENABLE_STRICT_OBJC_MSGSEND = YES;
				GCC_C_LANGUAGE_STANDARD = gnu99;
				GCC_WARN_64_TO_32_BIT_CONVERSION = YES;
				GCC_WARN_ABOUT_RETURN_TYPE = YES_ERROR;
				GCC_WARN_UNDECLARED_SELECTOR = YES;
				GCC_WARN_UNINITIALIZED_AUTOS = YES_AGGRESSIVE;
				GCC_WARN_UNUSED_FUNCTION = YES;
				GCC_WARN_UNUSED_VARIABLE = YES;
				IPHONEOS_DEPLOYMENT_TARGET = 8.0;
				MTL_ENABLE_DEBUG_INFO = NO;
				SDKROOT = iphoneos;
				VALIDATE_PRODUCT = YES;
			};
			name = Release;
		};
		0DF1119619F6AC6F00C9D9CA /* Debug */ = {
			isa = XCBuildConfiguration;
			buildSettings = {
				ASSETCATALOG_COMPILER_APPICON_NAME = AppIcon;
				INFOPLIST_FILE = LocalMap/Info.plist;
				LD_RUNPATH_SEARCH_PATHS = "$(inherited) @executable_path/Frameworks";
				PRODUCT_NAME = "$(TARGET_NAME)";
			};
			name = Debug;
		};
		0DF1119719F6AC6F00C9D9CA /* Release */ = {
			isa = XCBuildConfiguration;
			buildSettings = {
				ASSETCATALOG_COMPILER_APPICON_NAME = AppIcon;
				INFOPLIST_FILE = LocalMap/Info.plist;
				LD_RUNPATH_SEARCH_PATHS = "$(inherited) @executable_path/Frameworks";
				PRODUCT_NAME = "$(TARGET_NAME)";
			};
			name = Release;
		};
		0DF1119919F6AC6F00C9D9CA /* Debug */ = {
			isa = XCBuildConfiguration;
			buildSettings = {
				BUNDLE_LOADER = "$(TEST_HOST)";
				FRAMEWORK_SEARCH_PATHS = (
					"$(SDKROOT)/Developer/Library/Frameworks",
					"$(inherited)",
				);
				GCC_PREPROCESSOR_DEFINITIONS = (
					"DEBUG=1",
					"$(inherited)",
				);
				INFOPLIST_FILE = LocalMapTests/Info.plist;
				LD_RUNPATH_SEARCH_PATHS = "$(inherited) @executable_path/Frameworks @loader_path/Frameworks";
				PRODUCT_NAME = "$(TARGET_NAME)";
				TEST_HOST = "$(BUILT_PRODUCTS_DIR)/LocalMap.app/LocalMap";
			};
			name = Debug;
		};
		0DF1119A19F6AC6F00C9D9CA /* Release */ = {
			isa = XCBuildConfiguration;
			buildSettings = {
				BUNDLE_LOADER = "$(TEST_HOST)";
				FRAMEWORK_SEARCH_PATHS = (
					"$(SDKROOT)/Developer/Library/Frameworks",
					"$(inherited)",
				);
				INFOPLIST_FILE = LocalMapTests/Info.plist;
				LD_RUNPATH_SEARCH_PATHS = "$(inherited) @executable_path/Frameworks @loader_path/Frameworks";
				PRODUCT_NAME = "$(TARGET_NAME)";
				TEST_HOST = "$(BUILT_PRODUCTS_DIR)/LocalMap.app/LocalMap";
			};
			name = Release;
		};
/* End XCBuildConfiguration section */

/* Begin XCConfigurationList section */
		0DF1116D19F6AC6E00C9D9CA /* Build configuration list for PBXProject "LocalMap" */ = {
			isa = XCConfigurationList;
			buildConfigurations = (
				0DF1119319F6AC6F00C9D9CA /* Debug */,
				0DF1119419F6AC6F00C9D9CA /* Release */,
			);
			defaultConfigurationIsVisible = 0;
			defaultConfigurationName = Release;
		};
		0DF1119519F6AC6F00C9D9CA /* Build configuration list for PBXNativeTarget "LocalMap" */ = {
			isa = XCConfigurationList;
			buildConfigurations = (
				0DF1119619F6AC6F00C9D9CA /* Debug */,
				0DF1119719F6AC6F00C9D9CA /* Release */,
			);
			defaultConfigurationIsVisible = 0;
		};
		0DF1119819F6AC6F00C9D9CA /* Build configuration list for PBXNativeTarget "LocalMapTests" */ = {
			isa = XCConfigurationList;
			buildConfigurations = (
				0DF1119919F6AC6F00C9D9CA /* Debug */,
				0DF1119A19F6AC6F00C9D9CA /* Release */,
			);
			defaultConfigurationIsVisible = 0;
		};
/* End XCConfigurationList section */
	};
	rootObject = 0DF1116A19F6AC6E00C9D9CA /* Project object */;
}
